lockfileVersion: '9.0'

settings:
  autoInstallPeers: true
  excludeLinksFromLockfile: false

importers:

  .:
    dependencies:
      vue:
        specifier: ^3.5.33
        version: 3.5.34(typescript@6.0.3)
    devDependencies:
      '@rsbuild/core':
        specifier: ^2.0.3
        version: 2.0.5
      '@rsbuild/plugin-vue':
        specifier: ^1.2.7
        version: 1.2.8(@rsbuild/core@2.0.5)(@rspack/core@2.0.2(@swc/helpers@0.5.21))(vue@3.5.34(typescript@6.0.3))
      prettier:
        specifier: ^3.8.3
        version: 3.8.3
      typescript:
        specifier: ^6.0.3
        version: 6.0.3

packages:

  '@babel/helper-string-parser@7.27.1':
    resolution: {integrity: sha512-qMlSxKbpRlAridDExk92nSobyDdpPijUq2DW6oDnUqd0iOGxmQjyqhMIihI9+zv4LPyZdRje2cavWPbCbWm3eA==, tarball: https://registry.npmmirror.com/@babel/helper-string-parser/-/helper-string-parser-7.27.1.tgz}
    engines: {node: '>=6.9.0'}

  '@babel/helper-validator-identifier@7.28.5':
    resolution: {integrity: sha512-qSs4ifwzKJSV39ucNjsvc6WVHs6b7S03sOh2OcHF9UHfVPqWWALUsNUVzhSBiItjRZoLHx7nIarVjqKVusUZ1Q==, tarball: https://registry.npmmirror.com/@babel/helper-validator-identifier/-/helper-validator-identifier-7.28.5.tgz}
    engines: {node: '>=6.9.0'}

  '@babel/parser@7.29.3':
    resolution: {integrity: sha512-b3ctpQwp+PROvU/cttc4OYl4MzfJUWy6FZg+PMXfzmt/+39iHVF0sDfqay8TQM3JA2EUOyKcFZt75jWriQijsA==, tarball: https://registry.npmmirror.com/@babel/parser/-/parser-7.29.3.tgz}
    engines: {node: '>=6.0.0'}
    hasBin: true

  '@babel/types@7.29.0':
    resolution: {integrity: sha512-LwdZHpScM4Qz8Xw2iKSzS+cfglZzJGvofQICy7W7v4caru4EaAmyUuO6BGrbyQ2mYV11W0U8j5mBhd14dd3B0A==, tarball: https://registry.npmmirror.com/@babel/types/-/types-7.29.0.tgz}
    engines: {node: '>=6.9.0'}

  '@emnapi/core@1.10.0':
    resolution: {integrity: sha512-yq6OkJ4p82CAfPl0u9mQebQHKPJkY7WrIuk205cTYnYe+k2Z8YBh11FrbRG/H6ihirqcacOgl2BIO8oyMQLeXw==, tarball: https://registry.npmmirror.com/@emnapi/core/-/core-1.10.0.tgz}

  '@emnapi/runtime@1.10.0':
    resolution: {integrity: sha512-ewvYlk86xUoGI0zQRNq/mC+16R1QeDlKQy21Ki3oSYXNgLb45GV1P6A0M+/s6nyCuNDqe5VpaY84BzXGwVbwFA==, tarball: https://registry.npmmirror.com/@emnapi/runtime/-/runtime-1.10.0.tgz}

  '@emnapi/wasi-threads@1.2.1':
    resolution: {integrity: sha512-uTII7OYF+/Mes/MrcIOYp5yOtSMLBWSIoLPpcgwipoiKbli6k322tcoFsxoIIxPDqW01SQGAgko4EzZi2BNv2w==, tarball: https://registry.npmmirror.com/@emnapi/wasi-threads/-/wasi-threads-1.2.1.tgz}

  '@jridgewell/sourcemap-codec@1.5.5':
    resolution: {integrity: sha512-cYQ9310grqxueWbl+WuIUIaiUaDcj7WOq5fVhEljNVgRfOUhY9fy2zTvfoqWsnebh8Sl70VScFbICvJnLKB0Og==, tarball: https://registry.npmmirror.com/@jridgewell/sourcemap-codec/-/sourcemap-codec-1.5.5.tgz}

  '@napi-rs/wasm-runtime@1.1.4':
    resolution: {integrity: sha512-3NQNNgA1YSlJb/kMH1ildASP9HW7/7kYnRI2szWJaofaS1hWmbGI4H+d3+22aGzXXN9IJ+n+GiFVcGipJP18ow==, tarball: https://registry.npmmirror.com/@napi-rs/wasm-runtime/-/wasm-runtime-1.1.4.tgz}
    peerDependencies:
      '@emnapi/core': ^1.7.1
      '@emnapi/runtime': ^1.7.1

  '@rsbuild/core@2.0.5':
    resolution: {integrity: sha512-KajO50hbXb32S8MsyDh2f+xKcVeRy9Gfzdcy0JjpMLj22djHugly6jrGo7jH7ls9X6/TDcyCTncSuNK4+D2lTw==, tarball: https://registry.npmmirror.com/@rsbuild/core/-/core-2.0.5.tgz}
    engines: {node: ^20.19.0 || >=22.12.0}
    hasBin: true
    peerDependencies:
      core-js: '>= 3.0.0'
    peerDependenciesMeta:
      core-js:
        optional: true

  '@rsbuild/plugin-vue@1.2.8':
    resolution: {integrity: sha512-2fsj/4XVYZrF+ZJMp2odIUWpdXerAyOAtXw7XZTX3Vf0O7UsNvNsiA6KMpSj98qnD22KAW/GW/yFguVZ2tfqPA==, tarball: https://registry.npmmirror.com/@rsbuild/plugin-vue/-/plugin-vue-1.2.8.tgz}
    peerDependencies:
      '@rsbuild/core': ^1.0.0 || ^2.0.0-0
    peerDependenciesMeta:
      '@rsbuild/core':
        optional: true

  '@rspack/binding-darwin-arm64@2.0.2':
    resolution: {integrity: sha512-0o7lbgBBsDlICWdjIH0q3e0BsSco4GRiImHWVfZSVEG+q2+ykZJvSvYCVhPM1Co375Z0S3VMPa/8SjcY1FHwlw==, tarball: https://registry.npmmirror.com/@rspack/binding-darwin-arm64/-/binding-darwin-arm64-2.0.2.tgz}
    cpu: [arm64]
    os: [darwin]

  '@rspack/binding-darwin-x64@2.0.2':
    resolution: {integrity: sha512-tOwxZpoPlTlRs/w6UyUinXJ4TYRVHMlR7+eQxO1R3muKpixvhXQjtvoaY16HuFyTVky5F0IfOoWr3x9FEsgdLg==, tarball: https://registry.npmmirror.com/@rspack/binding-darwin-x64/-/binding-darwin-x64-2.0.2.tgz}
    cpu: [x64]
    os: [darwin]

  '@rspack/binding-linux-arm64-gnu@2.0.2':
    resolution: {integrity: sha512-1ZD4YFhG1rmgqj+W8hfwHyKV8xDxGsc/3KgU0FwmiVEX7JfzhCkgBO/xlCG79kRKSrzuVzt4icO/G3cCKn0pag==, tarball: https://registry.npmmirror.com/@rspack/binding-linux-arm64-gnu/-/binding-linux-arm64-gnu-2.0.2.tgz}
    cpu: [arm64]
    os: [linux]
    libc: [glibc]

  '@rspack/binding-linux-arm64-musl@2.0.2':
    resolution: {integrity: sha512-/PtTkM/DsDLjeuXTmeJeRfbjCDbcL9jvoVgZrgxYFZ28y2cdLvbChbW9uigOzs5dQEs1CIBQXMTTj7KhdBTuQg==, tarball: https://registry.npmmirror.com/@rspack/binding-linux-arm64-musl/-/binding-linux-arm64-musl-2.0.2.tgz}
    cpu: [arm64]
    os: [linux]
    libc: [musl]

  '@rspack/binding-linux-x64-gnu@2.0.2':
    resolution: {integrity: sha512-bBjsZxMHRaPo6X9SokApm6ucs+UhXtAJFyJJyuk2BH4XJsLeCU9Dz1vMwioeohFbJUUeTASVPm6/BL+RhSaunw==, tarball: https://registry.npmmirror.com/@rspack/binding-linux-x64-gnu/-/binding-linux-x64-gnu-2.0.2.tgz}
    cpu: [x64]
    os: [linux]
    libc: [glibc]

  '@rspack/binding-linux-x64-musl@2.0.2':
    resolution: {integrity: sha512-HjlpInqzabDNkhVsUJpsHPqa9QYVWBViJoyWNjzXCAW0vKMDvwaphyUvokSinX8FGTlZi/sr5UEaHJo6XtQ35g==, tarball: https://registry.npmmirror.com/@rspack/binding-linux-x64-musl/-/binding-linux-x64-musl-2.0.2.tgz}
    cpu: [x64]
    os: [linux]
    libc: [musl]

  '@rspack/binding-wasm32-wasi@2.0.2':
    resolution: {integrity: sha512-YaRYNFLJRpkGfYjSWR7n9f+nQKtrlmrrffpAn/blc2geHcRvXoBc5SCs1idPtsLhj7H9qWWhs7ucjyHy4csWFg==, tarball: https://registry.npmmirror.com/@rspack/binding-wasm32-wasi/-/binding-wasm32-wasi-2.0.2.tgz}
    cpu: [wasm32]

  '@rspack/binding-win32-arm64-msvc@2.0.2':
    resolution: {integrity: sha512-d/3kTEKq+asLjRFPO96t+wfWiM7DLN76VQEPDD9bc1kdsZXlVJBuvyXfsgK8bbEvKplWXYcSsokhmEnuXrLOpg==, tarball: https://registry.npmmirror.com/@rspack/binding-win32-arm64-msvc/-/binding-win32-arm64-msvc-2.0.2.tgz}
    cpu: [arm64]
    os: [win32]

  '@rspack/binding-win32-ia32-msvc@2.0.2':
    resolution: {integrity: sha512-161cWineq3RW+Jdm1FAfSpXeUtYWvhB3kAbm46vNT9h/YYz+spwsFMvveAZ1nsVSVL0IC5lDBGUte7yUAY8K2g==, tarball: https://registry.npmmirror.com/@rspack/binding-win32-ia32-msvc/-/binding-win32-ia32-msvc-2.0.2.tgz}
    cpu: [ia32]
    os: [win32]

  '@rspack/binding-win32-x64-msvc@2.0.2':
    resolution: {integrity: sha512-y7Q0S1FE+OlkL5GMqLG0PwxrPw6E1r892KhGrGKE1Vdufe5YTEx6xTPxzZ+b7N2KPD7s9G1/iJmWHQxb1+Bjkg==, tarball: https://registry.npmmirror.com/@rspack/binding-win32-x64-msvc/-/binding-win32-x64-msvc-2.0.2.tgz}
    cpu: [x64]
    os: [win32]

  '@rspack/binding@2.0.2':
    resolution: {integrity: sha512-0kZPplW9GWx8mfC6DfsaRY3QBIYPuUs42JfmSM6aSb8tMHZAXQeLeMB8M+h8i4SeI+aFtCgO6UuYGtyWf7+L+A==, tarball: https://registry.npmmirror.com/@rspack/binding/-/binding-2.0.2.tgz}

  '@rspack/core@2.0.2':
    resolution: {integrity: sha512-VM3UHOo26uC+4QSqY5tU1ybI7KuXY5rTof8nhFOaBY9SYau0Smvr+hMSAPmrmHwknB6dXT8yaNVxrj7I+qxE1Q==, tarball: https://registry.npmmirror.com/@rspack/core/-/core-2.0.2.tgz}
    engines: {node: ^20.19.0 || >=22.12.0}
    peerDependencies:
      '@module-federation/runtime-tools': ^0.24.1 || ^2.0.0
      '@swc/helpers': '>=0.5.1'
    peerDependenciesMeta:
      '@module-federation/runtime-tools':
        optional: true
      '@swc/helpers':
        optional: true

  '@rspack/lite-tapable@1.1.0':
    resolution: {integrity: sha512-E2B0JhYFmVAwdDiG14+DW0Di4Ze4Jg10Pc4/lILUrd5DRCaklduz2OvJ5HYQ6G+hd+WTzqQb3QnDNfK4yvAFYw==, tarball: https://registry.npmmirror.com/@rspack/lite-tapable/-/lite-tapable-1.1.0.tgz}

  '@swc/helpers@0.5.21':
    resolution: {integrity: sha512-jI/VAmtdjB/RnI8GTnokyX7Ug8c+g+ffD6QRLa6XQewtnGyukKkKSk3wLTM3b5cjt1jNh9x0jfVlagdN2gDKQg==, tarball: https://registry.npmmirror.com/@swc/helpers/-/helpers-0.5.21.tgz}

  '@tybys/wasm-util@0.10.2':
    resolution: {integrity: sha512-RoBvJ2X0wuKlWFIjrwffGw1IqZHKQqzIchKaadZZfnNpsAYp2mM0h36JtPCjNDAHGgYez/15uMBpfGwchhiMgg==, tarball: https://registry.npmmirror.com/@tybys/wasm-util/-/wasm-util-0.10.2.tgz}

  '@vue/compiler-core@3.5.34':
    resolution: {integrity: sha512-s9cLyK5mLcvZ4Agva5QgRsQyLKvts9WbU9DB6NqiZkkGEdwmcEiylj5Jbwkp680drF/NNCV8OlAJSe+yMLxaJw==, tarball: https://registry.npmmirror.com/@vue/compiler-core/-/compiler-core-3.5.34.tgz}

  '@vue/compiler-dom@3.5.34':
    resolution: {integrity: sha512-EbF/T++k0e2MMZlJsBhzK8Sgwt0HcIPOhzn1CTB/lv6sQcyk+OWf8YeiLxZp3ro7MbbLcAfAJ6sEvjFWuNgUCw==, tarball: https://registry.npmmirror.com/@vue/compiler-dom/-/compiler-dom-3.5.34.tgz}

  '@vue/compiler-sfc@3.5.34':
    resolution: {integrity: sha512-D/ihr6uZeIt6r+pVZf46RWT1fAsLFMbUP7k8G1VkiiWexriED9GrX3echHd4Abbt17zjlfiFJ8z7a3BxZOPNjg==, tarball: https://registry.npmmirror.com/@vue/compiler-sfc/-/compiler-sfc-3.5.34.tgz}

  '@vue/compiler-ssr@3.5.34':
    resolution: {integrity: sha512-cDtTHKibkThKGHH1SP+WdccquNRYQDFH6rRjQCqT9G2ltFAfoR5pUftpab/z+aM5mW9HLLVQW7hfKKQe/1GBeQ==, tarball: https://registry.npmmirror.com/@vue/compiler-ssr/-/compiler-ssr-3.5.34.tgz}

  '@vue/reactivity@3.5.34':
    resolution: {integrity: sha512-y9XDjCEuBp+98k+UL5dbYkh57AHU4o6cxZedOPXw3bmrZZYLQsVHguGurq7hVrPCSrQtrnz1f9dssyFr+dMXfQ==, tarball: https://registry.npmmirror.com/@vue/reactivity/-/reactivity-3.5.34.tgz}

  '@vue/runtime-core@3.5.34':
    resolution: {integrity: sha512-mKeBYvu8tcMSLhypAHBmriUFfWXKTCF/23Z4jiCoYK3UtWepkliViNLuR90V9XOyD62mUxs9p1jsrpK3CCGIzw==, tarball: https://registry.npmmirror.com/@vue/runtime-core/-/runtime-core-3.5.34.tgz}

  '@vue/runtime-dom@3.5.34':
    resolution: {integrity: sha512-e8kZzERmCwUnBRVsgSQlAfrfU2rGoy0FFKPBXSlfEjc/O3KfA7QP0t1/2ZylrbchjmIKB4dPTd07A6WPr0eOrg==, tarball: https://registry.npmmirror.com/@vue/runtime-dom/-/runtime-dom-3.5.34.tgz}

  '@vue/server-renderer@3.5.34':
    resolution: {integrity: sha512-nHxmJoTrKsmrkbILRhkC9gY1G3moZbJTqCzDd7DOOzG5KH9oeJ0Unqrff5f9v0pW//jES05ZkJcNtfE8JjOIew==, tarball: https://registry.npmmirror.com/@vue/server-renderer/-/server-renderer-3.5.34.tgz}
    peerDependencies:
      vue: 3.5.34

  '@vue/shared@3.5.34':
    resolution: {integrity: sha512-24uqU4OIiX29ryC3MeWid/Xf2fa2EFRUVLb77nRhk+UrTVrh/XiGtFAFmJBAtBRbjwNdsPRP+jj/OL27Eg1NDA==, tarball: https://registry.npmmirror.com/@vue/shared/-/shared-3.5.34.tgz}

  ansi-styles@4.3.0:
    resolution: {integrity: sha512-zbB9rCJAT1rbjiVDb2hqKFHNYLxgtk8NURxZ3IZwD3F6NtxbXZQCnnSi1Lkx+IDohdPlFp222wVALIheZJQSEg==, tarball: https://registry.npmmirror.com/ansi-styles/-/ansi-styles-4.3.0.tgz}
    engines: {node: '>=8'}

  chalk@4.1.2:
    resolution: {integrity: sha512-oKnbhFyRIXpUuez8iBMmyEa4nbj4IOQyuhc/wy9kY7/WVPcwIO9VA668Pu8RkO7+0G76SLROeyw9CpQ061i4mA==, tarball: https://registry.npmmirror.com/chalk/-/chalk-4.1.2.tgz}
    engines: {node: '>=10'}

  color-convert@2.0.1:
    resolution: {integrity: sha512-RRECPsj7iu/xb5oKYcsFHSppFNnsj/52OVTRKb4zP5onXwVF3zVmmToNcOfGC+CRDpfK/U584fMg38ZHCaElKQ==, tarball: https://registry.npmmirror.com/color-convert/-/color-convert-2.0.1.tgz}
    engines: {node: '>=7.0.0'}

  color-name@1.1.4:
    resolution: {integrity: sha512-dOy+3AuW3a2wNbZHIuMZpTcgjGuLU/uBL/ubcZF9OXbDo8ff4O8yVp5Bf0efS8uEoYo5q4Fx7dY9OgQGXgAsQA==, tarball: https://registry.npmmirror.com/color-name/-/color-name-1.1.4.tgz}

  csstype@3.2.3:
    resolution: {integrity: sha512-z1HGKcYy2xA8AGQfwrn0PAy+PB7X/GSj3UVJW9qKyn43xWa+gl5nXmU4qqLMRzWVLFC8KusUX8T/0kCiOYpAIQ==, tarball: https://registry.npmmirror.com/csstype/-/csstype-3.2.3.tgz}

  entities@7.0.1:
    resolution: {integrity: sha512-TWrgLOFUQTH994YUyl1yT4uyavY5nNB5muff+RtWaqNVCAK408b5ZnnbNAUEWLTCpum9w6arT70i1XdQ4UeOPA==, tarball: https://registry.npmmirror.com/entities/-/entities-7.0.1.tgz}
    engines: {node: '>=0.12'}

  estree-walker@2.0.2:
    resolution: {integrity: sha512-Rfkk/Mp/DL7JVje3u18FxFujQlTNR2q6QfMSMB7AvCBx91NGj/ba3kCfza0f6dVDbw7YlRf/nDrn7pQrCCyQ/w==, tarball: https://registry.npmmirror.com/estree-walker/-/estree-walker-2.0.2.tgz}

  has-flag@4.0.0:
    resolution: {integrity: sha512-EykJT/Q1KjTWctppgIAgfSO0tKVuZUjhgMr17kqTumMl6Afv3EISleU7qZUzoXDFTAHTDC4NOoG/ZxU3EvlMPQ==, tarball: https://registry.npmmirror.com/has-flag/-/has-flag-4.0.0.tgz}
    engines: {node: '>=8'}

  magic-string@0.30.21:
    resolution: {integrity: sha512-vd2F4YUyEXKGcLHoq+TEyCjxueSeHnFxyyjNp80yg0XV4vUhnDer/lvvlqM/arB5bXQN5K2/3oinyCRyx8T2CQ==, tarball: https://registry.npmmirror.com/magic-string/-/magic-string-0.30.21.tgz}

  nanoid@3.3.12:
    resolution: {integrity: sha512-ZB9RH/39qpq5Vu6Y+NmUaFhQR6pp+M2Xt76XBnEwDaGcVAqhlvxrl3B2bKS5D3NH3QR76v3aSrKaF/Kiy7lEtQ==, tarball: https://registry.npmmirror.com/nanoid/-/nanoid-3.3.12.tgz}
    engines: {node: ^10 || ^12 || ^13.7 || ^14 || >=15.0.1}
    hasBin: true

  picocolors@1.1.1:
    resolution: {integrity: sha512-xceH2snhtb5M9liqDsmEw56le376mTZkEX/jEb/RxNFyegNul7eNslCXP9FDj/Lcu0X8KEyMceP2ntpaHrDEVA==, tarball: https://registry.npmmirror.com/picocolors/-/picocolors-1.1.1.tgz}

  postcss@8.5.14:
    resolution: {integrity: sha512-SoSL4+OSEtR99LHFZQiJLkT59C5B1amGO1NzTwj7TT1qCUgUO6hxOvzkOYxD+vMrXBM3XJIKzokoERdqQq/Zmg==, tarball: https://registry.npmmirror.com/postcss/-/postcss-8.5.14.tgz}
    engines: {node: ^10 || ^12 || >=14}

  prettier@3.8.3:
    resolution: {integrity: sha512-7igPTM53cGHMW8xWuVTydi2KO233VFiTNyF5hLJqpilHfmn8C8gPf+PS7dUT64YcXFbiMGZxS9pCSxL/Dxm/Jw==, tarball: https://registry.npmmirror.com/prettier/-/prettier-3.8.3.tgz}
    engines: {node: '>=14'}
    hasBin: true

  rspack-vue-loader@17.5.0:
    resolution: {integrity: sha512-hJrL2+jytfTs6ORHBOKTh5lU7BVZvmv7afELuQfyEpGC1ll7MKj1BxlgAIbhd6pZwoEwfdH79Lewtwe4VOlfCQ==, tarball: https://registry.npmmirror.com/rspack-vue-loader/-/rspack-vue-loader-17.5.0.tgz}
    peerDependencies:
      '@rspack/core': ^1.0.0 || ^2.0.0-0
      '@vue/compiler-sfc': '*'
      vue: '*'
    peerDependenciesMeta:
      '@rspack/core':
        optional: true
      '@vue/compiler-sfc':
        optional: true
      vue:
        optional: true

  source-map-js@1.2.1:
    resolution: {integrity: sha512-UXWMKhLOwVKb728IUtQPXxfYU+usdybtUrK/8uGE8CQMvrhOpwvzDBwj0QhSL7MQc7vIsISBG8VQ8+IDQxpfQA==, tarball: https://registry.npmmirror.com/source-map-js/-/source-map-js-1.2.1.tgz}
    engines: {node: '>=0.10.0'}

  supports-color@7.2.0:
    resolution: {integrity: sha512-qpCAvRl9stuOHveKsn7HncJRvv501qIacKzQlO/+Lwxc9+0q2wLyv4Dfvt80/DPn2pqOBsJdDiogXGR9+OvwRw==, tarball: https://registry.npmmirror.com/supports-color/-/supports-color-7.2.0.tgz}
    engines: {node: '>=8'}

  tslib@2.8.1:
    resolution: {integrity: sha512-oJFu94HQb+KVduSUQL7wnpmqnfmLsOA/nAh6b6EH0wCEoK0/mPeXU6c3wKDV83MkOuHPRHtSXKKU99IBazS/2w==, tarball: https://registry.npmmirror.com/tslib/-/tslib-2.8.1.tgz}

  typescript@6.0.3:
    resolution: {integrity: sha512-y2TvuxSZPDyQakkFRPZHKFm+KKVqIisdg9/CZwm9ftvKXLP8NRWj38/ODjNbr43SsoXqNuAisEf1GdCxqWcdBw==, tarball: https://registry.npmmirror.com/typescript/-/typescript-6.0.3.tgz}
    engines: {node: '>=14.17'}
    hasBin: true

  vue@3.5.34:
    resolution: {integrity: sha512-WdLBG9gm02OgJIG9axd5Hpx0TFLdzVgfG2evFFu8Rur5O/IoGc5cMjnjh3tPL6GnRGsYvUhBSKVPYVcxRKpMCA==, tarball: https://registry.npmmirror.com/vue/-/vue-3.5.34.tgz}
    peerDependencies:
      typescript: '*'
    peerDependenciesMeta:
      typescript:
        optional: true

snapshots:

  '@babel/helper-string-parser@7.27.1': {}

  '@babel/helper-validator-identifier@7.28.5': {}

  '@babel/parser@7.29.3':
    dependencies:
      '@babel/types': 7.29.0

  '@babel/types@7.29.0':
    dependencies:
      '@babel/helper-string-parser': 7.27.1
      '@babel/helper-validator-identifier': 7.28.5

  '@emnapi/core@1.10.0':
    dependencies:
      '@emnapi/wasi-threads': 1.2.1
      tslib: 2.8.1
    optional: true

  '@emnapi/runtime@1.10.0':
    dependencies:
      tslib: 2.8.1
    optional: true

  '@emnapi/wasi-threads@1.2.1':
    dependencies:
      tslib: 2.8.1
    optional: true

  '@jridgewell/sourcemap-codec@1.5.5': {}

  '@napi-rs/wasm-runtime@1.1.4(@emnapi/core@1.10.0)(@emnapi/runtime@1.10.0)':
    dependencies:
      '@emnapi/core': 1.10.0
      '@emnapi/runtime': 1.10.0
      '@tybys/wasm-util': 0.10.2
    optional: true

  '@rsbuild/core@2.0.5':
    dependencies:
      '@rspack/core': 2.0.2(@swc/helpers@0.5.21)
      '@swc/helpers': 0.5.21
    transitivePeerDependencies:
      - '@module-federation/runtime-tools'

  '@rsbuild/plugin-vue@1.2.8(@rsbuild/core@2.0.5)(@rspack/core@2.0.2(@swc/helpers@0.5.21))(vue@3.5.34(typescript@6.0.3))':
    dependencies:
      rspack-vue-loader: 17.5.0(@rspack/core@2.0.2(@swc/helpers@0.5.21))(vue@3.5.34(typescript@6.0.3))
    optionalDependencies:
      '@rsbuild/core': 2.0.5
    transitivePeerDependencies:
      - '@rspack/core'
      - '@vue/compiler-sfc'
      - vue

  '@rspack/binding-darwin-arm64@2.0.2':
    optional: true

  '@rspack/binding-darwin-x64@2.0.2':
    optional: true

  '@rspack/binding-linux-arm64-gnu@2.0.2':
    optional: true

  '@rspack/binding-linux-arm64-musl@2.0.2':
    optional: true

  '@rspack/binding-linux-x64-gnu@2.0.2':
    optional: true

  '@rspack/binding-linux-x64-musl@2.0.2':
    optional: true

  '@rspack/binding-wasm32-wasi@2.0.2':
    dependencies:
      '@emnapi/core': 1.10.0
      '@emnapi/runtime': 1.10.0
      '@napi-rs/wasm-runtime': 1.1.4(@emnapi/core@1.10.0)(@emnapi/runtime@1.10.0)
    optional: true

  '@rspack/binding-win32-arm64-msvc@2.0.2':
    optional: true

  '@rspack/binding-win32-ia32-msvc@2.0.2':
    optional: true

  '@rspack/binding-win32-x64-msvc@2.0.2':
    optional: true

  '@rspack/binding@2.0.2':
    optionalDependencies:
      '@rspack/binding-darwin-arm64': 2.0.2
      '@rspack/binding-darwin-x64': 2.0.2
      '@rspack/binding-linux-arm64-gnu': 2.0.2
      '@rspack/binding-linux-arm64-musl': 2.0.2
      '@rspack/binding-linux-x64-gnu': 2.0.2
      '@rspack/binding-linux-x64-musl': 2.0.2
      '@rspack/binding-wasm32-wasi': 2.0.2
      '@rspack/binding-win32-arm64-msvc': 2.0.2
      '@rspack/binding-win32-ia32-msvc': 2.0.2
      '@rspack/binding-win32-x64-msvc': 2.0.2

  '@rspack/core@2.0.2(@swc/helpers@0.5.21)':
    dependencies:
      '@rspack/binding': 2.0.2
    optionalDependencies:
      '@swc/helpers': 0.5.21

  '@rspack/lite-tapable@1.1.0': {}

  '@swc/helpers@0.5.21':
    dependencies:
      tslib: 2.8.1

  '@tybys/wasm-util@0.10.2':
    dependencies:
      tslib: 2.8.1
    optional: true

  '@vue/compiler-core@3.5.34':
    dependencies:
      '@babel/parser': 7.29.3
      '@vue/shared': 3.5.34
      entities: 7.0.1
      estree-walker: 2.0.2
      source-map-js: 1.2.1

  '@vue/compiler-dom@3.5.34':
    dependencies:
      '@vue/compiler-core': 3.5.34
      '@vue/shared': 3.5.34

  '@vue/compiler-sfc@3.5.34':
    dependencies:
      '@babel/parser': 7.29.3
      '@vue/compiler-core': 3.5.34
      '@vue/compiler-dom': 3.5.34
      '@vue/compiler-ssr': 3.5.34
      '@vue/shared': 3.5.34
      estree-walker: 2.0.2
      magic-string: 0.30.21
      postcss: 8.5.14
      source-map-js: 1.2.1

  '@vue/compiler-ssr@3.5.34':
    dependencies:
      '@vue/compiler-dom': 3.5.34
      '@vue/shared': 3.5.34

  '@vue/reactivity@3.5.34':
    dependencies:
      '@vue/shared': 3.5.34

  '@vue/runtime-core@3.5.34':
    dependencies:
      '@vue/reactivity': 3.5.34
      '@vue/shared': 3.5.34

  '@vue/runtime-dom@3.5.34':
    dependencies:
      '@vue/reactivity': 3.5.34
      '@vue/runtime-core': 3.5.34
      '@vue/shared': 3.5.34
      csstype: 3.2.3

  '@vue/server-renderer@3.5.34(vue@3.5.34(typescript@6.0.3))':
    dependencies:
      '@vue/compiler-ssr': 3.5.34
      '@vue/shared': 3.5.34
      vue: 3.5.34(typescript@6.0.3)

  '@vue/shared@3.5.34': {}

  ansi-styles@4.3.0:
    dependencies:
      color-convert: 2.0.1

  chalk@4.1.2:
    dependencies:
      ansi-styles: 4.3.0
      supports-color: 7.2.0

  color-convert@2.0.1:
    dependencies:
      color-name: 1.1.4

  color-name@1.1.4: {}

  csstype@3.2.3: {}

  entities@7.0.1: {}

  estree-walker@2.0.2: {}

  has-flag@4.0.0: {}

  magic-string@0.30.21:
    dependencies:
      '@jridgewell/sourcemap-codec': 1.5.5

  nanoid@3.3.12: {}

  picocolors@1.1.1: {}

  postcss@8.5.14:
    dependencies:
      nanoid: 3.3.12
      picocolors: 1.1.1
      source-map-js: 1.2.1

  prettier@3.8.3: {}

  rspack-vue-loader@17.5.0(@rspack/core@2.0.2(@swc/helpers@0.5.21))(vue@3.5.34(typescript@6.0.3)):
    dependencies:
      '@rspack/lite-tapable': 1.1.0
      chalk: 4.1.2
    optionalDependencies:
      '@rspack/core': 2.0.2(@swc/helpers@0.5.21)
      vue: 3.5.34(typescript@6.0.3)

  source-map-js@1.2.1: {}

  supports-color@7.2.0:
    dependencies:
      has-flag: 4.0.0

  tslib@2.8.1: {}

  typescript@6.0.3: {}

  vue@3.5.34(typescript@6.0.3):
    dependencies:
      '@vue/compiler-dom': 3.5.34
      '@vue/compiler-sfc': 3.5.34
      '@vue/runtime-dom': 3.5.34
      '@vue/server-renderer': 3.5.34(vue@3.5.34(typescript@6.0.3))
      '@vue/shared': 3.5.34
    optionalDependencies:
      typescript: 6.0.3
